
Microsoft Visual Studio Solution File, Format Version 12.00
# Visual Studio Version 16
VisualStudioVersion = 16.0.31729.503
MinimumVisualStudioVersion = 10.0.40219.1
Project("{FAE04EC0-301F-11D3-BF4B-00C04F79EFBC}") = "API", "CarPark\API.csproj", "{B7111C57-8718-43FD-84AD-839CC8677652}"
EndProject
Project("{FAE04EC0-301F-11D3-BF4B-00C04F79EFBC}") = "Model", "Model\Model.csproj", "{848D5D9D-9481-400E-BE89-5D317E1F7037}"
EndProject
Project("{FAE04EC0-301F-11D3-BF4B-00C04F79EFBC}") = "Service", "Service\Service.csproj", "{516849B4-E87A-4925-BAF6-5DE9CAA7FD0D}"
EndProject
Global
	GlobalSection(SolutionConfigurationPlatforms) = preSolution
		Debug|Any CPU = Debug|Any CPU
		Release|Any CPU = Release|Any CPU
	EndGlobalSection
	GlobalSection(ProjectConfigurationPlatforms) = postSolution
		{B7111C57-8718-43FD-84AD-839CC8677652}.Debug|Any CPU.ActiveCfg = Debug|Any CPU
		{B7111C57-8718-43FD-84AD-839CC8677652}.Debug|Any CPU.Build.0 = Debug|Any CPU
		{B7111C57-8718-43FD-84AD-839CC8677652}.Release|Any CPU.ActiveCfg = Release|Any CPU
		{B7111C57-8718-43FD-84AD-839CC8677652}.Release|Any CPU.Build.0 = Release|Any CPU
		{848D5D9D-9481-400E-BE89-5D317E1F7037}.Debug|Any CPU.ActiveCfg = Debug|Any CPU
		{848D5D9D-9481-400E-BE89-5D317E1F7037}.Debug|Any CPU.Build.0 = Debug|Any CPU
		{848D5D9D-9481-400E-BE89-5D317E1F7037}.Release|Any CPU.ActiveCfg = Release|Any CPU
		{848D5D9D-9481-400E-BE89-5D317E1F7037}.Release|Any CPU.Build.0 = Release|Any CPU
		{516849B4-E87A-4925-BAF6-5DE9CAA7FD0D}.Debug|Any CPU.ActiveCfg = Debug|Any CPU
		{516849B4-E87A-4925-BAF6-5DE9CAA7FD0D}.Debug|Any CPU.Build.0 = Debug|Any CPU
		{516849B4-E87A-4925-BAF6-5DE9CAA7FD0D}.Release|Any CPU.ActiveCfg = Release|Any CPU
		{516849B4-E87A-4925-BAF6-5DE9CAA7FD0D}.Release|Any CPU.Build.0 = Release|Any CPU
	EndGlobalSection
	GlobalSection(SolutionProperties) = preSolution
		HideSolutionNode = FALSE
	EndGlobalSection
	GlobalSection(ExtensibilityGlobals) = postSolution
		SolutionGuid = {AB768F5B-D6FA-4C4A-A37D-2ECE01BBF41D}
	EndGlobalSection
EndGlobal
